github.com/iEvan-lhr/go-llm-client v0.0.0-20260428091327-a122b6c066c3 h1:KwK/TMEM1witJQbT6+HRqyTjvYyqKaMKWi8Pk8C68no=
github.com/iEvan-lhr/go-llm-client v0.0.0-20260428091327-a122b6c066c3/go.mod h1:f9qIlZluNVc7Y5U0aJqGM9YXy/laiO63uQrnfFbfieM=
github.com/joho/godotenv v1.5.1 h1:7eLL/+HRGLY0ldzfGMeQkb7vMd0as4CfYvUVzLqw0N0=
github.com/joho/godotenv v1.5.1/go.mod h1:f4LDr5Voq0i2e/R5DDNOoa2zzDfwtkZa6DnEwAbqwq4=
github.com/mattn/go-sqlite3 v1.14.32 h1:JD12Ag3oLy1zQA+BNn74xRgaBbdhbNIDYvQUEuuErjs=
github.com/mattn/go-sqlite3 v1.14.32/go.mod h1:Uh1q+B4BYcTPb+yiD3kU8Ct7aC0hY9fxUwlHK0RXw+Y=
